// !$*UTF8*$!
{
	archiveVersion = 1;
	classes = {
	};
	objectVersion = 56;
	objects = {

/* Begin PBXBuildFile section */
		AC1432652B4576F50005B79E /* PetAdoptionApp.swift in Sources */ = {isa = PBXBuildFile; fileRef = AC1432642B4576F50005B79E /* PetAdoptionApp.swift */; };
		AC1432672B4576F50005B79E /* MainView.swift in Sources */ = {isa = PBXBuildFile; fileRef = AC1432662B4576F50005B79E /* MainView.swift */; };
		AC1432692B4576F70005B79E /* Assets.xcassets in Resources */ = {isa = PBXBuildFile; fileRef = AC1432682B4576F70005B79E /* Assets.xcassets */; };
		AC14326C2B4576F70005B79E /* Preview Assets.xcassets in Resources */ = {isa = PBXBuildFile; fileRef = AC14326B2B4576F70005B79E /* Preview Assets.xcassets */; };
		AC14327E2B457D4F0005B79E /* APIConstants.swift in Sources */ = {isa = PBXBuildFile; fileRef = AC14327D2B457D4F0005B79E /* APIConstants.swift */; };
		AC1432832B470F740005B79E /* Animal.swift in Sources */ = {isa = PBXBuildFile; fileRef = AC1432822B470F740005B79E /* Animal.swift */; };
		AC1432862B4710CE0005B79E /* Coat.swift in Sources */ = {isa = PBXBuildFile; fileRef = AC1432852B4710CE0005B79E /* Coat.swift */; };
		AC1432882B4710E20005B79E /* Size.swift in Sources */ = {isa = PBXBuildFile; fileRef = AC1432872B4710E20005B79E /* Size.swift */; };
		AC14328A2B4710FA0005B79E /* Gender.swift in Sources */ = {isa = PBXBuildFile; fileRef = AC1432892B4710FA0005B79E /* Gender.swift */; };
		AC14328C2B47110D0005B79E /* Age.swift in Sources */ = {isa = PBXBuildFile; fileRef = AC14328B2B47110D0005B79E /* Age.swift */; };
		AC14328E2B47112B0005B79E /* Breed.swift in Sources */ = {isa = PBXBuildFile; fileRef = AC14328D2B47112B0005B79E /* Breed.swift */; };
		AC1432902B47113C0005B79E /* PhotoSizes.swift in Sources */ = {isa = PBXBuildFile; fileRef = AC14328F2B47113C0005B79E /* PhotoSizes.swift */; };
		AC1432922B47114F0005B79E /* VideoLink.swift in Sources */ = {isa = PBXBuildFile; fileRef = AC1432912B47114F0005B79E /* VideoLink.swift */; };
		AC1432942B4711620005B79E /* AnimalAttributes.swift in Sources */ = {isa = PBXBuildFile; fileRef = AC1432932B4711620005B79E /* AnimalAttributes.swift */; };
		AC1432962B4711730005B79E /* AnimalEnvironment.swift in Sources */ = {isa = PBXBuildFile; fileRef = AC1432952B4711730005B79E /* AnimalEnvironment.swift */; };
		AC1432982B4711810005B79E /* APIColors.swift in Sources */ = {isa = PBXBuildFile; fileRef = AC1432972B4711810005B79E /* APIColors.swift */; };
		AC14329A2B47118E0005B79E /* AdoptionStatus.swift in Sources */ = {isa = PBXBuildFile; fileRef = AC1432992B47118E0005B79E /* AdoptionStatus.swift */; };
		AC14329C2B47119E0005B79E /* Pagination.swift in Sources */ = {isa = PBXBuildFile; fileRef = AC14329B2B47119E0005B79E /* Pagination.swift */; };
		AC14329F2B4711B90005B79E /* Organization.swift in Sources */ = {isa = PBXBuildFile; fileRef = AC14329E2B4711B90005B79E /* Organization.swift */; };
		AC1432A22B4711CF0005B79E /* User.swift in Sources */ = {isa = PBXBuildFile; fileRef = AC1432A12B4711CF0005B79E /* User.swift */; };
		AC1432A42B4716130005B79E /* AnimalsMock.swift in Sources */ = {isa = PBXBuildFile; fileRef = AC1432A32B4716130005B79E /* AnimalsMock.swift */; };
		AC1432A62B4719220005B79E /* AnimalsMock.json in Resources */ = {isa = PBXBuildFile; fileRef = AC1432A52B4719220005B79E /* AnimalsMock.json */; };
		AC626AE22B4B1A5A00167D16 /* SearchView.swift in Sources */ = {isa = PBXBuildFile; fileRef = AC626AE12B4B1A5A00167D16 /* SearchView.swift */; };
		AC626AE42B4B1A6600167D16 /* AnimalsNearYouView.swift in Sources */ = {isa = PBXBuildFile; fileRef = AC626AE32B4B1A6600167D16 /* AnimalsNearYouView.swift */; };
		AC626AEA2B4B1CE200167D16 /* Request.swift in Sources */ = {isa = PBXBuildFile; fileRef = AC626AE92B4B1CE200167D16 /* Request.swift */; };
		AC626AEC2B4B1DC600167D16 /* RequestType.swift in Sources */ = {isa = PBXBuildFile; fileRef = AC626AEB2B4B1DC600167D16 /* RequestType.swift */; };
		AC626AEF2B4B202700167D16 /* NetworkError.swift in Sources */ = {isa = PBXBuildFile; fileRef = AC626AEE2B4B202700167D16 /* NetworkError.swift */; };
		AC626AF42B4B28C200167D16 /* APIManager.swift in Sources */ = {isa = PBXBuildFile; fileRef = AC626AF32B4B28C200167D16 /* APIManager.swift */; };
		AC626AF62B4B2AF800167D16 /* RequestManager.swift in Sources */ = {isa = PBXBuildFile; fileRef = AC626AF52B4B2AF800167D16 /* RequestManager.swift */; };
		AC626AF92B4B2C5900167D16 /* DataParser.swift in Sources */ = {isa = PBXBuildFile; fileRef = AC626AF82B4B2C5900167D16 /* DataParser.swift */; };
		AC626AFC2B4B33FC00167D16 /* AuthTokenRequest.swift in Sources */ = {isa = PBXBuildFile; fileRef = AC626AFB2B4B33FC00167D16 /* AuthTokenRequest.swift */; };
		AC626AFF2B4B36BB00167D16 /* AuthTokenModel.swift in Sources */ = {isa = PBXBuildFile; fileRef = AC626AFE2B4B36BB00167D16 /* AuthTokenModel.swift */; };
		AC626B022B4B399600167D16 /* AnimalsRequest.swift in Sources */ = {isa = PBXBuildFile; fileRef = AC626B012B4B399600167D16 /* AnimalsRequest.swift */; };
		AC626B042B4B3A1E00167D16 /* AnimalsContainer.swift in Sources */ = {isa = PBXBuildFile; fileRef = AC626B032B4B3A1E00167D16 /* AnimalsContainer.swift */; };
		AC626B072B4B3AA800167D16 /* AnimalsNearYouViewModel.swift in Sources */ = {isa = PBXBuildFile; fileRef = AC626B062B4B3AA800167D16 /* AnimalsNearYouViewModel.swift */; };
		AC626B092B4B3C0300167D16 /* AnimalRow.swift in Sources */ = {isa = PBXBuildFile; fileRef = AC626B082B4B3C0300167D16 /* AnimalRow.swift */; };
		AC626B0B2B4B424100167D16 /* AccessTokenManager.swift in Sources */ = {isa = PBXBuildFile; fileRef = AC626B0A2B4B424100167D16 /* AccessTokenManager.swift */; };
		AC626B102B4B43A600167D16 /* KeyConstants.swift in Sources */ = {isa = PBXBuildFile; fileRef = AC626B0F2B4B43A600167D16 /* KeyConstants.swift */; };
		AC626B712B4C633F00167D16 /* AnimalDetailsView.swift in Sources */ = {isa = PBXBuildFile; fileRef = AC626B702B4C633F00167D16 /* AnimalDetailsView.swift */; };
		AC626B742B4C71D500167D16 /* Service.swift in Sources */ = {isa = PBXBuildFile; fileRef = AC626B732B4C71D500167D16 /* Service.swift */; };
		AC626B762B4C7CE700167D16 /* AnimalAttributesCard.swift in Sources */ = {isa = PBXBuildFile; fileRef = AC626B752B4C7CE700167D16 /* AnimalAttributesCard.swift */; };
/* End PBXBuildFile section */

/* Begin PBXFileReference section */
		AC1432612B4576F50005B79E /* PetAdoption.app */ = {isa = PBXFileReference; explicitFileType = wrapper.application; includeInIndex = 0; path = PetAdoption.app; sourceTree = BUILT_PRODUCTS_DIR; };
		AC1432642B4576F50005B79E /* PetAdoptionApp.swift */ = {isa = PBXFileReference; lastKnownFileType = sourcecode.swift; path = PetAdoptionApp.swift; sourceTree = "<group>"; };
		AC1432662B4576F50005B79E /* MainView.swift */ = {isa = PBXFileReference; lastKnownFileType = sourcecode.swift; path = MainView.swift; sourceTree = "<group>"; };
		AC1432682B4576F70005B79E /* Assets.xcassets */ = {isa = PBXFileReference; lastKnownFileType = folder.assetcatalog; path = Assets.xcassets; sourceTree = "<group>"; };
		AC14326B2B4576F70005B79E /* Preview Assets.xcassets */ = {isa = PBXFileReference; lastKnownFileType = folder.assetcatalog; path = "Preview Assets.xcassets"; sourceTree = "<group>"; };
		AC14327D2B457D4F0005B79E /* APIConstants.swift */ = {isa = PBXFileReference; lastKnownFileType = sourcecode.swift; path = APIConstants.swift; sourceTree = "<group>"; };
		AC1432822B470F740005B79E /* Animal.swift */ = {isa = PBXFileReference; lastKnownFileType = sourcecode.swift; path = Animal.swift; sourceTree = "<group>"; };
		AC1432852B4710CE0005B79E /* Coat.swift */ = {isa = PBXFileReference; lastKnownFileType = sourcecode.swift; path = Coat.swift; sourceTree = "<group>"; };
		AC1432872B4710E20005B79E /* Size.swift */ = {isa = PBXFileReference; lastKnownFileType = sourcecode.swift; path = Size.swift; sourceTree = "<group>"; };
		AC1432892B4710FA0005B79E /* Gender.swift */ = {isa = PBXFileReference; lastKnownFileType = sourcecode.swift; path = Gender.swift; sourceTree = "<group>"; };
		AC14328B2B47110D0005B79E /* Age.swift */ = {isa = PBXFileReference; lastKnownFileType = sourcecode.swift; path = Age.swift; sourceTree = "<group>"; };
		AC14328D2B47112B0005B79E /* Breed.swift */ = {isa = PBXFileReference; lastKnownFileType = sourcecode.swift; path = Breed.swift; sourceTree = "<group>"; };
		AC14328F2B47113C0005B79E /* PhotoSizes.swift */ = {isa = PBXFileReference; lastKnownFileType = sourcecode.swift; path = PhotoSizes.swift; sourceTree = "<group>"; };
		AC1432912B47114F0005B79E /* VideoLink.swift */ = {isa = PBXFileReference; lastKnownFileType = sourcecode.swift; path = VideoLink.swift; sourceTree = "<group>"; };
		AC1432932B4711620005B79E /* AnimalAttributes.swift */ = {isa = PBXFileReference; lastKnownFileType = sourcecode.swift; path = AnimalAttributes.swift; sourceTree = "<group>"; };
		AC1432952B4711730005B79E /* AnimalEnvironment.swift */ = {isa = PBXFileReference; lastKnownFileType = sourcecode.swift; path = AnimalEnvironment.swift; sourceTree = "<group>"; };
		AC1432972B4711810005B79E /* APIColors.swift */ = {isa = PBXFileReference; lastKnownFileType = sourcecode.swift; path = APIColors.swift; sourceTree = "<group>"; };
		AC1432992B47118E0005B79E /* AdoptionStatus.swift */ = {isa = PBXFileReference; lastKnownFileType = sourcecode.swift; path = AdoptionStatus.swift; sourceTree = "<group>"; };
		AC14329B2B47119E0005B79E /* Pagination.swift */ = {isa = PBXFileReference; lastKnownFileType = sourcecode.swift; path = Pagination.swift; sourceTree = "<group>"; };
		AC14329E2B4711B90005B79E /* Organization.swift */ = {isa = PBXFileReference; lastKnownFileType = sourcecode.swift; path = Organization.swift; sourceTree = "<group>"; };
		AC1432A12B4711CF0005B79E /* User.swift */ = {isa = PBXFileReference; lastKnownFileType = sourcecode.swift; path = User.swift; sourceTree = "<group>"; };
		AC1432A32B4716130005B79E /* AnimalsMock.swift */ = {isa = PBXFileReference; lastKnownFileType = sourcecode.swift; path = AnimalsMock.swift; sourceTree = "<group>"; };
		AC1432A52B4719220005B79E /* AnimalsMock.json */ = {isa = PBXFileReference; fileEncoding = 4; lastKnownFileType = text.json; path = AnimalsMock.json; sourceTree = "<group>"; };
		AC626AE12B4B1A5A00167D16 /* SearchView.swift */ = {isa = PBXFileReference; lastKnownFileType = sourcecode.swift; path = SearchView.swift; sourceTree = "<group>"; };
		AC626AE32B4B1A6600167D16 /* AnimalsNearYouView.swift */ = {isa = PBXFileReference; lastKnownFileType = sourcecode.swift; path = AnimalsNearYouView.swift; sourceTree = "<group>"; };
		AC626AE92B4B1CE200167D16 /* Request.swift */ = {isa = PBXFileReference; lastKnownFileType = sourcecode.swift; path = Request.swift; sourceTree = "<group>"; };
		AC626AEB2B4B1DC600167D16 /* RequestType.swift */ = {isa = PBXFileReference; lastKnownFileType = sourcecode.swift; path = RequestType.swift; sourceTree = "<group>"; };
		AC626AEE2B4B202700167D16 /* NetworkError.swift */ = {isa = PBXFileReference; lastKnownFileType = sourcecode.swift; path = NetworkError.swift; sourceTree = "<group>"; };
		AC626AF32B4B28C200167D16 /* APIManager.swift */ = {isa = PBXFileReference; lastKnownFileType = sourcecode.swift; path = APIManager.swift; sourceTree = "<group>"; };
		AC626AF52B4B2AF800167D16 /* RequestManager.swift */ = {isa = PBXFileReference; lastKnownFileType = sourcecode.swift; path = RequestManager.swift; sourceTree = "<group>"; };
		AC626AF82B4B2C5900167D16 /* DataParser.swift */ = {isa = PBXFileReference; lastKnownFileType = sourcecode.swift; path = DataParser.swift; sourceTree = "<group>"; };
		AC626AFB2B4B33FC00167D16 /* AuthTokenRequest.swift */ = {isa = PBXFileReference; lastKnownFileType = sourcecode.swift; path = AuthTokenRequest.swift; sourceTree = "<group>"; };
		AC626AFE2B4B36BB00167D16 /* AuthTokenModel.swift */ = {isa = PBXFileReference; lastKnownFileType = sourcecode.swift; path = AuthTokenModel.swift; sourceTree = "<group>"; };
		AC626B012B4B399600167D16 /* AnimalsRequest.swift */ = {isa = PBXFileReference; lastKnownFileType = sourcecode.swift; path = AnimalsRequest.swift; sourceTree = "<group>"; };
		AC626B032B4B3A1E00167D16 /* AnimalsContainer.swift */ = {isa = PBXFileReference; lastKnownFileType = sourcecode.swift; path = AnimalsContainer.swift; sourceTree = "<group>"; };
		AC626B062B4B3AA800167D16 /* AnimalsNearYouViewModel.swift */ = {isa = PBXFileReference; lastKnownFileType = sourcecode.swift; path = AnimalsNearYouViewModel.swift; sourceTree = "<group>"; };
		AC626B082B4B3C0300167D16 /* AnimalRow.swift */ = {isa = PBXFileReference; lastKnownFileType = sourcecode.swift; path = AnimalRow.swift; sourceTree = "<group>"; };
		AC626B0A2B4B424100167D16 /* AccessTokenManager.swift */ = {isa = PBXFileReference; lastKnownFileType = sourcecode.swift; path = AccessTokenManager.swift; sourceTree = "<group>"; };
		AC626B0F2B4B43A600167D16 /* KeyConstants.swift */ = {isa = PBXFileReference; lastKnownFileType = sourcecode.swift; path = KeyConstants.swift; sourceTree = "<group>"; };
		AC626B702B4C633F00167D16 /* AnimalDetailsView.swift */ = {isa = PBXFileReference; lastKnownFileType = sourcecode.swift; name = AnimalDetailsView.swift; path = ../../../../../../../../.Trash/AnimalDetails/View/AnimalDetailsView.swift; sourceTree = "<group>"; };
		AC626B732B4C71D500167D16 /* Service.swift */ = {isa = PBXFileReference; lastKnownFileType = sourcecode.swift; path = Service.swift; sourceTree = "<group>"; };
		AC626B752B4C7CE700167D16 /* AnimalAttributesCard.swift */ = {isa = PBXFileReference; lastKnownFileType = sourcecode.swift; path = AnimalAttributesCard.swift; sourceTree = "<group>"; };
/* End PBXFileReference section */

/* Begin PBXFrameworksBuildPhase section */
		AC14325E2B4576F50005B79E /* Frameworks */ = {
			isa = PBXFrameworksBuildPhase;
			buildActionMask = 2147483647;
			files = (
			);
			runOnlyForDeploymentPostprocessing = 0;
		};
/* End PBXFrameworksBuildPhase section */

/* Begin PBXGroup section */
		AC1432582B4576F50005B79E = {
			isa = PBXGroup;
			children = (
				AC1432632B4576F50005B79E /* Pet Adoption */,
				AC1432622B4576F50005B79E /* Products */,
			);
			sourceTree = "<group>";
		};
		AC1432622B4576F50005B79E /* Products */ = {
			isa = PBXGroup;
			children = (
				AC1432612B4576F50005B79E /* PetAdoption.app */,
			);
			name = Products;
			sourceTree = "<group>";
		};
		AC1432632B4576F50005B79E /* Pet Adoption */ = {
			isa = PBXGroup;
			children = (
				AC1432642B4576F50005B79E /* PetAdoptionApp.swift */,
				AC1432782B457D1C0005B79E /* Core */,
				AC1432722B4578C70005B79E /* Views */,
				AC1432682B4576F70005B79E /* Assets.xcassets */,
				AC14326A2B4576F70005B79E /* Preview Content */,
			);
			path = "Pet Adoption";
			sourceTree = "<group>";
		};
		AC14326A2B4576F70005B79E /* Preview Content */ = {
			isa = PBXGroup;
			children = (
				AC14326B2B4576F70005B79E /* Preview Assets.xcassets */,
				AC1432A52B4719220005B79E /* AnimalsMock.json */,
			);
			path = "Preview Content";
			sourceTree = "<group>";
		};
		AC1432722B4578C70005B79E /* Views */ = {
			isa = PBXGroup;
			children = (
				AC626AE52B4B1AB400167D16 /* Main */,
				AC1432742B4578D80005B79E /* AnimalNearYou */,
				AC626B6E2B4C62F200167D16 /* AnimalDetails */,
				AC1432732B4578D40005B79E /* Search */,
			);
			path = Views;
			sourceTree = "<group>";
		};
		AC1432732B4578D40005B79E /* Search */ = {
			isa = PBXGroup;
			children = (
				AC626ADF2B4B1A4D00167D16 /* View */,
			);
			path = Search;
			sourceTree = "<group>";
		};
		AC1432742B4578D80005B79E /* AnimalNearYou */ = {
			isa = PBXGroup;
			children = (
				AC626B722B4C71CD00167D16 /* Service */,
				AC626B052B4B3A9B00167D16 /* ViewModel */,
				AC626AE02B4B1A5100167D16 /* View */,
			);
			path = AnimalNearYou;
			sourceTree = "<group>";
		};
		AC1432782B457D1C0005B79E /* Core */ = {
			isa = PBXGroup;
			children = (
				AC626B0C2B4B437E00167D16 /* Constants */,
				AC1432802B470F630005B79E /* Domain */,
				AC1432792B457D200005B79E /* Data */,
			);
			path = Core;
			sourceTree = "<group>";
		};
		AC1432792B457D200005B79E /* Data */ = {
			isa = PBXGroup;
			children = (
				AC14327A2B457D230005B79E /* API */,
			);
			path = Data;
			sourceTree = "<group>";
		};
		AC14327A2B457D230005B79E /* API */ = {
			isa = PBXGroup;
			children = (
				AC626AF72B4B2C4400167D16 /* Parser */,
				AC626AE82B4B1CD500167D16 /* Request */,
				AC626AF22B4B285200167D16 /* APIManager */,
				AC626AED2B4B201F00167D16 /* Network Error */,
				AC626AE72B4B1CCB00167D16 /* Model */,
			);
			path = API;
			sourceTree = "<group>";
		};
		AC1432802B470F630005B79E /* Domain */ = {
			isa = PBXGroup;
			children = (
				AC626B002B4B398800167D16 /* Animals */,
				AC626AFD2B4B369C00167D16 /* Auth */,
				AC1432812B470F6D0005B79E /* Model */,
			);
			path = Domain;
			sourceTree = "<group>";
		};
		AC1432812B470F6D0005B79E /* Model */ = {
			isa = PBXGroup;
			children = (
				AC1432842B4710940005B79E /* Animal */,
				AC14329D2B4711A80005B79E /* Organization */,
				AC1432A02B4711CA0005B79E /* User */,
			);
			path = Model;
			sourceTree = "<group>";
		};
		AC1432842B4710940005B79E /* Animal */ = {
			isa = PBXGroup;
			children = (
				AC626B032B4B3A1E00167D16 /* AnimalsContainer.swift */,
				AC1432822B470F740005B79E /* Animal.swift */,
				AC1432A32B4716130005B79E /* AnimalsMock.swift */,
				AC1432852B4710CE0005B79E /* Coat.swift */,
				AC1432872B4710E20005B79E /* Size.swift */,
				AC1432892B4710FA0005B79E /* Gender.swift */,
				AC14328B2B47110D0005B79E /* Age.swift */,
				AC14328D2B47112B0005B79E /* Breed.swift */,
				AC14328F2B47113C0005B79E /* PhotoSizes.swift */,
				AC1432912B47114F0005B79E /* VideoLink.swift */,
				AC1432932B4711620005B79E /* AnimalAttributes.swift */,
				AC1432952B4711730005B79E /* AnimalEnvironment.swift */,
				AC1432972B4711810005B79E /* APIColors.swift */,
				AC1432992B47118E0005B79E /* AdoptionStatus.swift */,
				AC14329B2B47119E0005B79E /* Pagination.swift */,
			);
			path = Animal;
			sourceTree = "<group>";
		};
		AC14329D2B4711A80005B79E /* Organization */ = {
			isa = PBXGroup;
			children = (
				AC14329E2B4711B90005B79E /* Organization.swift */,
			);
			path = Organization;
			sourceTree = "<group>";
		};
		AC1432A02B4711CA0005B79E /* User */ = {
			isa = PBXGroup;
			children = (
				AC1432A12B4711CF0005B79E /* User.swift */,
			);
			path = User;
			sourceTree = "<group>";
		};
		AC626ADF2B4B1A4D00167D16 /* View */ = {
			isa = PBXGroup;
			children = (
				AC626AE12B4B1A5A00167D16 /* SearchView.swift */,
			);
			path = View;
			sourceTree = "<group>";
		};
		AC626AE02B4B1A5100167D16 /* View */ = {
			isa = PBXGroup;
			children = (
				AC626AE32B4B1A6600167D16 /* AnimalsNearYouView.swift */,
				AC626B082B4B3C0300167D16 /* AnimalRow.swift */,
				AC626B752B4C7CE700167D16 /* AnimalAttributesCard.swift */,
			);
			path = View;
			sourceTree = "<group>";
		};
		AC626AE52B4B1AB400167D16 /* Main */ = {
			isa = PBXGroup;
			children = (
				AC626AE62B4B1AB900167D16 /* View */,
			);
			path = Main;
			sourceTree = "<group>";
		};
		AC626AE62B4B1AB900167D16 /* View */ = {
			isa = PBXGroup;
			children = (
				AC1432662B4576F50005B79E /* MainView.swift */,
			);
			path = View;
			sourceTree = "<group>";
		};
		AC626AE72B4B1CCB00167D16 /* Model */ = {
			isa = PBXGroup;
			children = (
				AC14327D2B457D4F0005B79E /* APIConstants.swift */,
			);
			path = Model;
			sourceTree = "<group>";
		};
		AC626AE82B4B1CD500167D16 /* Request */ = {
			isa = PBXGroup;
			children = (
				AC626AF52B4B2AF800167D16 /* RequestManager.swift */,
				AC626AE92B4B1CE200167D16 /* Request.swift */,
				AC626AEB2B4B1DC600167D16 /* RequestType.swift */,
			);
			path = Request;
			sourceTree = "<group>";
		};
		AC626AED2B4B201F00167D16 /* Network Error */ = {
			isa = PBXGroup;
			children = (
				AC626AEE2B4B202700167D16 /* NetworkError.swift */,
			);
			path = "Network Error";
			sourceTree = "<group>";
		};
		AC626AF22B4B285200167D16 /* APIManager */ = {
			isa = PBXGroup;
			children = (
				AC626AF32B4B28C200167D16 /* APIManager.swift */,
			);
			path = APIManager;
			sourceTree = "<group>";
		};
		AC626AF72B4B2C4400167D16 /* Parser */ = {
			isa = PBXGroup;
			children = (
				AC626AF82B4B2C5900167D16 /* DataParser.swift */,
			);
			path = Parser;
			sourceTree = "<group>";
		};
		AC626AFD2B4B369C00167D16 /* Auth */ = {
			isa = PBXGroup;
			children = (
				AC626AFB2B4B33FC00167D16 /* AuthTokenRequest.swift */,
				AC626AFE2B4B36BB00167D16 /* AuthTokenModel.swift */,
				AC626B0A2B4B424100167D16 /* AccessTokenManager.swift */,
			);
			path = Auth;
			sourceTree = "<group>";
		};
		AC626B002B4B398800167D16 /* Animals */ = {
			isa = PBXGroup;
			children = (
				AC626B012B4B399600167D16 /* AnimalsRequest.swift */,
			);
			path = Animals;
			sourceTree = "<group>";
		};
		AC626B052B4B3A9B00167D16 /* ViewModel */ = {
			isa = PBXGroup;
			children = (
				AC626B062B4B3AA800167D16 /* AnimalsNearYouViewModel.swift */,
			);
			path = ViewModel;
			sourceTree = "<group>";
		};
		AC626B0C2B4B437E00167D16 /* Constants */ = {
			isa = PBXGroup;
			children = (
				AC626B0F2B4B43A600167D16 /* KeyConstants.swift */,
			);
			path = Constants;
			sourceTree = "<group>";
		};
		AC626B6E2B4C62F200167D16 /* AnimalDetails */ = {
			isa = PBXGroup;
			children = (
				AC626B6F2B4C633600167D16 /* View */,
			);
			path = AnimalDetails;
			sourceTree = "<group>";
		};
		AC626B6F2B4C633600167D16 /* View */ = {
			isa = PBXGroup;
			children = (
				AC626B702B4C633F00167D16 /* AnimalDetailsView.swift */,
			);
			path = View;
			sourceTree = "<group>";
		};
		AC626B722B4C71CD00167D16 /* Service */ = {
			isa = PBXGroup;
			children = (
				AC626B732B4C71D500167D16 /* Service.swift */,
			);
			path = Service;
			sourceTree = "<group>";
		};
/* End PBXGroup section */

/* Begin PBXNativeTarget section */
		AC1432602B4576F50005B79E /* PetAdoption */ = {
			isa = PBXNativeTarget;
			buildConfigurationList = AC14326F2B4576F70005B79E /* Build configuration list for PBXNativeTarget "PetAdoption" */;
			buildPhases = (
				AC14325D2B4576F50005B79E /* Sources */,
				AC14325E2B4576F50005B79E /* Frameworks */,
				AC14325F2B4576F50005B79E /* Resources */,
				AC14327F2B46D9640005B79E /* ShellScript */,
			);
			buildRules = (
			);
			dependencies = (
			);
			name = PetAdoption;
			productName = "Pet Adoption";
			productReference = AC1432612B4576F50005B79E /* PetAdoption.app */;
			productType = "com.apple.product-type.application";
		};
/* End PBXNativeTarget section */

/* Begin PBXProject section */
		AC1432592B4576F50005B79E /* Project object */ = {
			isa = PBXProject;
			attributes = {
				BuildIndependentTargetsInParallel = 1;
				LastSwiftUpdateCheck = 1510;
				LastUpgradeCheck = 1510;
				TargetAttributes = {
					AC1432602B4576F50005B79E = {
						CreatedOnToolsVersion = 15.1;
					};
				};
			};
			buildConfigurationList = AC14325C2B4576F50005B79E /* Build configuration list for PBXProject "PetAdoption" */;
			compatibilityVersion = "Xcode 14.0";
			developmentRegion = en;
			hasScannedForEncodings = 0;
			knownRegions = (
				en,
				Base,
			);
			mainGroup = AC1432582B4576F50005B79E;
			productRefGroup = AC1432622B4576F50005B79E /* Products */;
			projectDirPath = "";
			projectRoot = "";
			targets = (
				AC1432602B4576F50005B79E /* PetAdoption */,
			);
		};
/* End PBXProject section */

/* Begin PBXResourcesBuildPhase section */
		AC14325F2B4576F50005B79E /* Resources */ = {
			isa = PBXResourcesBuildPhase;
			buildActionMask = 2147483647;
			files = (
				AC14326C2B4576F70005B79E /* Preview Assets.xcassets in Resources */,
				AC1432692B4576F70005B79E /* Assets.xcassets in Resources */,
				AC1432A62B4719220005B79E /* AnimalsMock.json in Resources */,
			);
			runOnlyForDeploymentPostprocessing = 0;
		};
/* End PBXResourcesBuildPhase section */

/* Begin PBXShellScriptBuildPhase section */
		AC14327F2B46D9640005B79E /* ShellScript */ = {
			isa = PBXShellScriptBuildPhase;
			alwaysOutOfDate = 1;
			buildActionMask = 2147483647;
			files = (
			);
			inputFileListPaths = (
			);
			inputPaths = (
			);
			outputFileListPaths = (
			);
			outputPaths = (
			);
			runOnlyForDeploymentPostprocessing = 0;
			shellPath = /bin/sh;
			shellScript = "# Type a script or drag a script file from your workspace to insert its path.\nif [[ \"$(uname -m)\" == arm64 ]]; then\n    export PATH=\"/opt/homebrew/bin:$PATH\"\nfi\n\nif which swiftlint > /dev/null; then\n  swiftlint\nelse\n  echo \"warning: SwiftLint not installed, download from https://github.com/realm/SwiftLint\"\nfi\n";
			showEnvVarsInLog = 0;
		};
/* End PBXShellScriptBuildPhase section */

/* Begin PBXSourcesBuildPhase section */
		AC14325D2B4576F50005B79E /* Sources */ = {
			isa = PBXSourcesBuildPhase;
			buildActionMask = 2147483647;
			files = (
				AC626AE22B4B1A5A00167D16 /* SearchView.swift in Sources */,
				AC626B092B4B3C0300167D16 /* AnimalRow.swift in Sources */,
				AC14329F2B4711B90005B79E /* Organization.swift in Sources */,
				AC1432982B4711810005B79E /* APIColors.swift in Sources */,
				AC14328E2B47112B0005B79E /* Breed.swift in Sources */,
				AC1432902B47113C0005B79E /* PhotoSizes.swift in Sources */,
				AC14329A2B47118E0005B79E /* AdoptionStatus.swift in Sources */,
				AC14327E2B457D4F0005B79E /* APIConstants.swift in Sources */,
				AC14329C2B47119E0005B79E /* Pagination.swift in Sources */,
				AC14328C2B47110D0005B79E /* Age.swift in Sources */,
				AC626AEF2B4B202700167D16 /* NetworkError.swift in Sources */,
				AC626B102B4B43A600167D16 /* KeyConstants.swift in Sources */,
				AC1432832B470F740005B79E /* Animal.swift in Sources */,
				AC626B042B4B3A1E00167D16 /* AnimalsContainer.swift in Sources */,
				AC1432672B4576F50005B79E /* MainView.swift in Sources */,
				AC1432652B4576F50005B79E /* PetAdoptionApp.swift in Sources */,
				AC1432922B47114F0005B79E /* VideoLink.swift in Sources */,
				AC1432A42B4716130005B79E /* AnimalsMock.swift in Sources */,
				AC626AFF2B4B36BB00167D16 /* AuthTokenModel.swift in Sources */,
				AC626AF62B4B2AF800167D16 /* RequestManager.swift in Sources */,
				AC1432882B4710E20005B79E /* Size.swift in Sources */,
				AC626AF92B4B2C5900167D16 /* DataParser.swift in Sources */,
				AC626AEA2B4B1CE200167D16 /* Request.swift in Sources */,
				AC1432862B4710CE0005B79E /* Coat.swift in Sources */,
				AC626B072B4B3AA800167D16 /* AnimalsNearYouViewModel.swift in Sources */,
				AC626B022B4B399600167D16 /* AnimalsRequest.swift in Sources */,
				AC626AEC2B4B1DC600167D16 /* RequestType.swift in Sources */,
				AC626AE42B4B1A6600167D16 /* AnimalsNearYouView.swift in Sources */,
				AC626B742B4C71D500167D16 /* Service.swift in Sources */,
				AC626B0B2B4B424100167D16 /* AccessTokenManager.swift in Sources */,
				AC1432A22B4711CF0005B79E /* User.swift in Sources */,
				AC1432942B4711620005B79E /* AnimalAttributes.swift in Sources */,
				AC626AF42B4B28C200167D16 /* APIManager.swift in Sources */,
				AC626AFC2B4B33FC00167D16 /* AuthTokenRequest.swift in Sources */,
				AC626B762B4C7CE700167D16 /* AnimalAttributesCard.swift in Sources */,
				AC626B712B4C633F00167D16 /* AnimalDetailsView.swift in Sources */,
				AC14328A2B4710FA0005B79E /* Gender.swift in Sources */,
				AC1432962B4711730005B79E /* AnimalEnvironment.swift in Sources */,
			);
			runOnlyForDeploymentPostprocessing = 0;
		};
/* End PBXSourcesBuildPhase section */

/* Begin XCBuildConfiguration section */
		AC14326D2B4576F70005B79E /* Debug */ = {
			isa = XCBuildConfiguration;
			buildSettings = {
				ALWAYS_SEARCH_USER_PATHS = NO;
				ASSETCATALOG_COMPILER_GENERATE_SWIFT_ASSET_SYMBOL_EXTENSIONS = YES;
				CLANG_ANALYZER_NONNULL = YES;
				CLANG_ANALYZER_NUMBER_OBJECT_CONVERSION = YES_AGGRESSIVE;
				CLANG_CXX_LANGUAGE_STANDARD = "gnu++20";
				CLANG_ENABLE_MODULES = YES;
				CLANG_ENABLE_OBJC_ARC = YES;
				CLANG_ENABLE_OBJC_WEAK = YES;
				CLANG_WARN_BLOCK_CAPTURE_AUTORELEASING = YES;
				CLANG_WARN_BOOL_CONVERSION = YES;
				CLANG_WARN_COMMA = YES;
				CLANG_WARN_CONSTANT_CONVERSION = YES;
				CLANG_WARN_DEPRECATED_OBJC_IMPLEMENTATIONS = YES;
				CLANG_WARN_DIRECT_OBJC_ISA_USAGE = YES_ERROR;
				CLANG_WARN_DOCUMENTATION_COMMENTS = YES;
				CLANG_WARN_EMPTY_BODY = YES;
				CLANG_WARN_ENUM_CONVERSION = YES;
				CLANG_WARN_INFINITE_RECURSION = YES;
				CLANG_WARN_INT_CONVERSION = YES;
				CLANG_WARN_NON_LITERAL_NULL_CONVERSION = YES;
				CLANG_WARN_OBJC_IMPLICIT_RETAIN_SELF = YES;
				CLANG_WARN_OBJC_LITERAL_CONVERSION = YES;
				CLANG_WARN_OBJC_ROOT_CLASS = YES_ERROR;
				CLANG_WARN_QUOTED_INCLUDE_IN_FRAMEWORK_HEADER = YES;
				CLANG_WARN_RANGE_LOOP_ANALYSIS = YES;
				CLANG_WARN_STRICT_PROTOTYPES = YES;
				CLANG_WARN_SUSPICIOUS_MOVE = YES;
				CLANG_WARN_UNGUARDED_AVAILABILITY = YES_AGGRESSIVE;
				CLANG_WARN_UNREACHABLE_CODE = YES;
				CLANG_WARN__DUPLICATE_METHOD_MATCH = YES;
				COPY_PHASE_STRIP = NO;
				DEBUG_INFORMATION_FORMAT = dwarf;
				ENABLE_STRICT_OBJC_MSGSEND = YES;
				ENABLE_TESTABILITY = YES;
				ENABLE_USER_SCRIPT_SANDBOXING = YES;
				GCC_C_LANGUAGE_STANDARD = gnu17;
				GCC_DYNAMIC_NO_PIC = NO;
				GCC_NO_COMMON_BLOCKS = YES;
				GCC_OPTIMIZATION_LEVEL = 0;
				GCC_PREPROCESSOR_DEFINITIONS = (
					"DEBUG=1",
					"$(inherited)",
				);
				GCC_WARN_64_TO_32_BIT_CONVERSION = YES;
				GCC_WARN_ABOUT_RETURN_TYPE = YES_ERROR;
				GCC_WARN_UNDECLARED_SELECTOR = YES;
				GCC_WARN_UNINITIALIZED_AUTOS = YES_AGGRESSIVE;
				GCC_WARN_UNUSED_FUNCTION = YES;
				GCC_WARN_UNUSED_VARIABLE = YES;
				IPHONEOS_DEPLOYMENT_TARGET = 15.0;
				LOCALIZATION_PREFERS_STRING_CATALOGS = YES;
				MTL_ENABLE_DEBUG_INFO = INCLUDE_SOURCE;
				MTL_FAST_MATH = YES;
				ONLY_ACTIVE_ARCH = YES;
				SDKROOT = iphoneos;
				SWIFT_ACTIVE_COMPILATION_CONDITIONS = "DEBUG $(inherited)";
				SWIFT_OPTIMIZATION_LEVEL = "-Onone";
			};
			name = Debug;
		};
		AC14326E2B4576F70005B79E /* Release */ = {
			isa = XCBuildConfiguration;
			buildSettings = {
				ALWAYS_SEARCH_USER_PATHS = NO;
				ASSETCATALOG_COMPILER_GENERATE_SWIFT_ASSET_SYMBOL_EXTENSIONS = YES;
				CLANG_ANALYZER_NONNULL = YES;
				CLANG_ANALYZER_NUMBER_OBJECT_CONVERSION = YES_AGGRESSIVE;
				CLANG_CXX_LANGUAGE_STANDARD = "gnu++20";
				CLANG_ENABLE_MODULES = YES;
				CLANG_ENABLE_OBJC_ARC = YES;
				CLANG_ENABLE_OBJC_WEAK = YES;
				CLANG_WARN_BLOCK_CAPTURE_AUTORELEASING = YES;
				CLANG_WARN_BOOL_CONVERSION = YES;
				CLANG_WARN_COMMA = YES;
				CLANG_WARN_CONSTANT_CONVERSION = YES;
				CLANG_WARN_DEPRECATED_OBJC_IMPLEMENTATIONS = YES;
				CLANG_WARN_DIRECT_OBJC_ISA_USAGE = YES_ERROR;
				CLANG_WARN_DOCUMENTATION_COMMENTS = YES;
				CLANG_WARN_EMPTY_BODY = YES;
				CLANG_WARN_ENUM_CONVERSION = YES;
				CLANG_WARN_INFINITE_RECURSION = YES;
				CLANG_WARN_INT_CONVERSION = YES;
				CLANG_WARN_NON_LITERAL_NULL_CONVERSION = YES;
				CLANG_WARN_OBJC_IMPLICIT_RETAIN_SELF = YES;
				CLANG_WARN_OBJC_LITERAL_CONVERSION = YES;
				CLANG_WARN_OBJC_ROOT_CLASS = YES_ERROR;
				CLANG_WARN_QUOTED_INCLUDE_IN_FRAMEWORK_HEADER = YES;
				CLANG_WARN_RANGE_LOOP_ANALYSIS = YES;
				CLANG_WARN_STRICT_PROTOTYPES = YES;
				CLANG_WARN_SUSPICIOUS_MOVE = YES;
				CLANG_WARN_UNGUARDED_AVAILABILITY = YES_AGGRESSIVE;
				CLANG_WARN_UNREACHABLE_CODE = YES;
				CLANG_WARN__DUPLICATE_METHOD_MATCH = YES;
				COPY_PHASE_STRIP = NO;
				DEBUG_INFORMATION_FORMAT = "dwarf-with-dsym";
				ENABLE_NS_ASSERTIONS = NO;
				ENABLE_STRICT_OBJC_MSGSEND = YES;
				ENABLE_USER_SCRIPT_SANDBOXING = YES;
				GCC_C_LANGUAGE_STANDARD = gnu17;
				GCC_NO_COMMON_BLOCKS = YES;
				GCC_WARN_64_TO_32_BIT_CONVERSION = YES;
				GCC_WARN_ABOUT_RETURN_TYPE = YES_ERROR;
				GCC_WARN_UNDECLARED_SELECTOR = YES;
				GCC_WARN_UNINITIALIZED_AUTOS = YES_AGGRESSIVE;
				GCC_WARN_UNUSED_FUNCTION = YES;
				GCC_WARN_UNUSED_VARIABLE = YES;
				IPHONEOS_DEPLOYMENT_TARGET = 15.0;
				LOCALIZATION_PREFERS_STRING_CATALOGS = YES;
				MTL_ENABLE_DEBUG_INFO = NO;
				MTL_FAST_MATH = YES;
				SDKROOT = iphoneos;
				SWIFT_COMPILATION_MODE = wholemodule;
				VALIDATE_PRODUCT = YES;
			};
			name = Release;
		};
		AC1432702B4576F70005B79E /* Debug */ = {
			isa = XCBuildConfiguration;
			buildSettings = {
				ASSETCATALOG_COMPILER_APPICON_NAME = AppIcon;
				ASSETCATALOG_COMPILER_GLOBAL_ACCENT_COLOR_NAME = AccentColor;
				CODE_SIGN_STYLE = Automatic;
				CURRENT_PROJECT_VERSION = 1;
				DEVELOPMENT_ASSET_PATHS = "\"Pet Adoption/Preview Content\"";
				ENABLE_PREVIEWS = YES;
				ENABLE_USER_SCRIPT_SANDBOXING = NO;
				GENERATE_INFOPLIST_FILE = YES;
				INFOPLIST_KEY_CFBundleDisplayName = "Pet Adoption";
				INFOPLIST_KEY_UIApplicationSceneManifest_Generation = YES;
				INFOPLIST_KEY_UIApplicationSupportsIndirectInputEvents = YES;
				INFOPLIST_KEY_UILaunchScreen_Generation = YES;
				INFOPLIST_KEY_UISupportedInterfaceOrientations = "UIInterfaceOrientationLandscapeLeft UIInterfaceOrientationLandscapeRight UIInterfaceOrientationPortrait";
				IPHONEOS_DEPLOYMENT_TARGET = 15.0;
				LD_RUNPATH_SEARCH_PATHS = (
					"$(inherited)",
					"@executable_path/Frameworks",
				);
				MARKETING_VERSION = 1.0;
				PRODUCT_BUNDLE_IDENTIFIER = "com.AhmedAmin.Pet-Adoption";
				PRODUCT_NAME = "$(TARGET_NAME)";
				SWIFT_EMIT_LOC_STRINGS = YES;
				SWIFT_VERSION = 5.0;
				TARGETED_DEVICE_FAMILY = "1,2";
			};
			name = Debug;
		};
		AC1432712B4576F70005B79E /* Release */ = {
			isa = XCBuildConfiguration;
			buildSettings = {
				ASSETCATALOG_COMPILER_APPICON_NAME = AppIcon;
				ASSETCATALOG_COMPILER_GLOBAL_ACCENT_COLOR_NAME = AccentColor;
				CODE_SIGN_STYLE = Automatic;
				CURRENT_PROJECT_VERSION = 1;
				DEVELOPMENT_ASSET_PATHS = "\"Pet Adoption/Preview Content\"";
				ENABLE_PREVIEWS = YES;
				ENABLE_USER_SCRIPT_SANDBOXING = NO;
				GENERATE_INFOPLIST_FILE = YES;
				INFOPLIST_KEY_CFBundleDisplayName = "Pet Adoption";
				INFOPLIST_KEY_UIApplicationSceneManifest_Generation = YES;
				INFOPLIST_KEY_UIApplicationSupportsIndirectInputEvents = YES;
				INFOPLIST_KEY_UILaunchScreen_Generation = YES;
				INFOPLIST_KEY_UISupportedInterfaceOrientations = "UIInterfaceOrientationLandscapeLeft UIInterfaceOrientationLandscapeRight UIInterfaceOrientationPortrait";
				IPHONEOS_DEPLOYMENT_TARGET = 15.0;
				LD_RUNPATH_SEARCH_PATHS = (
					"$(inherited)",
					"@executable_path/Frameworks",
				);
				MARKETING_VERSION = 1.0;
				PRODUCT_BUNDLE_IDENTIFIER = "com.AhmedAmin.Pet-Adoption";
				PRODUCT_NAME = "$(TARGET_NAME)";
				SWIFT_EMIT_LOC_STRINGS = YES;
				SWIFT_VERSION = 5.0;
				TARGETED_DEVICE_FAMILY = "1,2";
			};
			name = Release;
		};
/* End XCBuildConfiguration section */

/* Begin XCConfigurationList section */
		AC14325C2B4576F50005B79E /* Build configuration list for PBXProject "PetAdoption" */ = {
			isa = XCConfigurationList;
			buildConfigurations = (
				AC14326D2B4576F70005B79E /* Debug */,
				AC14326E2B4576F70005B79E /* Release */,
			);
			defaultConfigurationIsVisible = 0;
			defaultConfigurationName = Release;
		};
		AC14326F2B4576F70005B79E /* Build configuration list for PBXNativeTarget "PetAdoption" */ = {
			isa = XCConfigurationList;
			buildConfigurations = (
				AC1432702B4576F70005B79E /* Debug */,
				AC1432712B4576F70005B79E /* Release */,
			);
			defaultConfigurationIsVisible = 0;
			defaultConfigurationName = Release;
		};
/* End XCConfigurationList section */
	};
	rootObject = AC1432592B4576F50005B79E /* Project object */;
}
